<Solution>
  <Folder Name="/src/">
    <Project Path="src/BootVideoManager.App/BootVideoManager.App.csproj" />
    <Project Path="src/BootVideoManager.Core/BootVideoManager.Core.csproj" />
  </Folder>
  <Folder Name="/tests/">
    <Project Path="tests/BootVideoManager.App.Tests/BootVideoManager.App.Tests.csproj" />
    <Project Path="tests/BootVideoManager.Core.Tests/BootVideoManager.Core.Tests.csproj" />
  </Folder>
</Solution>
